# Generated by move; do not edit
# This file should be checked in.

[move]
version = 4

[pinned.mainnet.CetusDlmm]
source = { local = "/tmp/cetus-dlmm-patched/packages/dlmm" }
use_environment = "mainnet"
manifest_digest = "1E932E9C4C15B3E671C5AACEE3107A26421CD5F431977EB48BE64EF5BE1AD9CA"
deps = { IntegerMate = "IntegerMate", MoveSTL = "MoveSTL", std = "MoveStdlib", sui = "Sui" }

[pinned.mainnet.CoinDecimalsRegistry]
source = { local = "../sui-lending-protocol/contracts/libs/coin_decimals_registry" }
use_environment = "mainnet"
manifest_digest = "3876920E3F5449B657525E749B996C31141507452514AF2E259F5441554DCDDF"
deps = { Sui = "Sui_1" }

[pinned.mainnet.Decimal]
source = { local = "../sui-lending-protocol/contracts/libs/decimal" }
use_environment = "mainnet"
manifest_digest = "3876920E3F5449B657525E749B996C31141507452514AF2E259F5441554DCDDF"
deps = { Sui = "Sui_1" }

[pinned.mainnet.IntegerMate]
source = { git = "https://github.com/CetusProtocol/integer-mate.git", subdir = ".", rev = "09a12d9b171122883d9350039d4ed6e8400033b9" }
use_environment = "mainnet"
manifest_digest = "E41BBD67BE8940D26C79D78B028477EF5B33BA217A1282C78ACB344CF8A5ECF6"
deps = { std = "MoveStdlib", sui = "Sui" }

[pinned.mainnet.Math]
source = { local = "../sui-lending-protocol/contracts/libs/math" }
use_environment = "mainnet"
manifest_digest = "3876920E3F5449B657525E749B996C31141507452514AF2E259F5441554DCDDF"
deps = { Sui = "Sui_1" }

[pinned.mainnet.MoveSTL]
source = { git = "https://github.com/CetusProtocol/move-stl.git", subdir = ".", rev = "0681fec63a310ae753d03a06f7c05d3e2925bb09" }
use_environment = "mainnet"
manifest_digest = "E41BBD67BE8940D26C79D78B028477EF5B33BA217A1282C78ACB344CF8A5ECF6"
deps = { std = "MoveStdlib", sui = "Sui" }

[pinned.mainnet.MoveStdlib]
source = { git = "https://github.com/MystenLabs/sui.git", subdir = "crates/sui-framework/packages/move-stdlib", rev = "73dd2c2ba6f9fdb21d7ffde2b50a3f2f0ac39bc1" }
use_environment = "mainnet"
manifest_digest = "C4FE4C91DE74CBF223B2E380AE40F592177D21870DC2D7EB6227D2D694E05363"
deps = {}

[pinned.mainnet.MoveStdlib_1]
source = { git = "https://github.com/MystenLabs/sui.git", subdir = "crates/sui-framework/packages/move-stdlib", rev = "b38bca86f0323b3fe8b6b7f4ca0cd7ae7faebe4b" }
use_environment = "mainnet"
manifest_digest = "C4FE4C91DE74CBF223B2E380AE40F592177D21870DC2D7EB6227D2D694E05363"
deps = {}

[pinned.mainnet.MoveStdlib_2]
source = { git = "https://github.com/MystenLabs/sui.git", subdir = "crates/sui-framework/packages/move-stdlib", rev = "2f5992f189cd24445cd010ccf0aa7ff418ff93b1" }
use_environment = "mainnet"
manifest_digest = "C4FE4C91DE74CBF223B2E380AE40F592177D21870DC2D7EB6227D2D694E05363"
deps = {}

[pinned.mainnet.ScallopProtocol]
source = { local = "../sui-lending-protocol/contracts/protocol" }
use_environment = "mainnet"
manifest_digest = "A91D5B1E1A8E663F005C45833346765F113FED7FFCC93A0E938717DEB8DE0289"
deps = { CoinDecimalsRegistry = "CoinDecimalsRegistry", Decimal = "Decimal", Math = "Math", Sui = "Sui_1", TestCoin = "TestCoin", Whitelist = "Whitelist", X = "X", XOracle = "XOracle" }

[pinned.mainnet.Sui]
source = { git = "https://github.com/MystenLabs/sui.git", subdir = "crates/sui-framework/packages/sui-framework", rev = "73dd2c2ba6f9fdb21d7ffde2b50a3f2f0ac39bc1" }
use_environment = "mainnet"
manifest_digest = "CD547CB1ACCE0880C835DAED2D8FFCB91D56C833AE5240D3AA5B918398263195"
deps = { MoveStdlib = "MoveStdlib" }

[pinned.mainnet.Sui_1]
source = { git = "https://github.com/MystenLabs/sui.git", subdir = "crates/sui-framework/packages/sui-framework", rev = "2f5992f189cd24445cd010ccf0aa7ff418ff93b1" }
use_environment = "mainnet"
manifest_digest = "CD547CB1ACCE0880C835DAED2D8FFCB91D56C833AE5240D3AA5B918398263195"
deps = { MoveStdlib = "MoveStdlib_2" }

[pinned.mainnet.Sui_2]
source = { git = "https://github.com/MystenLabs/sui.git", subdir = "crates/sui-framework/packages/sui-framework", rev = "b38bca86f0323b3fe8b6b7f4ca0cd7ae7faebe4b" }
use_environment = "mainnet"
manifest_digest = "CD547CB1ACCE0880C835DAED2D8FFCB91D56C833AE5240D3AA5B918398263195"
deps = { MoveStdlib = "MoveStdlib_1" }

[pinned.mainnet.TestCoin]
source = { local = "../sui-lending-protocol/contracts/test_coin" }
use_environment = "mainnet"
manifest_digest = "3876920E3F5449B657525E749B996C31141507452514AF2E259F5441554DCDDF"
deps = { Sui = "Sui_1" }

[pinned.mainnet.Whitelist]
source = { local = "../sui-lending-protocol/contracts/libs/whitelist" }
use_environment = "mainnet"
manifest_digest = "3876920E3F5449B657525E749B996C31141507452514AF2E259F5441554DCDDF"
deps = { Sui = "Sui_1" }

[pinned.mainnet.X]
source = { local = "../sui-lending-protocol/contracts/libs/x" }
use_environment = "mainnet"
manifest_digest = "3876920E3F5449B657525E749B996C31141507452514AF2E259F5441554DCDDF"
deps = { Sui = "Sui_1" }

[pinned.mainnet.XOracle]
source = { local = "../sui-lending-protocol/contracts/sui_x_oracle/x_oracle" }
use_environment = "mainnet"
manifest_digest = "3876920E3F5449B657525E749B996C31141507452514AF2E259F5441554DCDDF"
deps = { Sui = "Sui_1" }

[pinned.mainnet.cdpm]
source = { root = true }
use_environment = "mainnet"
manifest_digest = "90A6A325ED770FD6149AA5879A48B76DADC2076A3F1A0272D575644EE364167F"
deps = { CetusDlmm = "CetusDlmm", IntegerMate = "IntegerMate", MoveSTL = "MoveSTL", MoveStdlib = "MoveStdlib_1", ScallopProtocol = "ScallopProtocol", Sui = "Sui_2", X = "X" }
