# @generated by Move, please check-in and do not edit manually.

[move]
version = 3
manifest_digest = "359AB337B719865D08C4D733E9E055B1726E4C7694E9137F372E71CCC03143D1"
deps_digest = "04732BFEF428F74DE262001DC455D76B909EBC394B034A9A15CC095E4BDD9CEF"
dependencies = [
  { id = "DeepBook", name = "DeepBook" },
  { id = "MoveStdlib", name = "MoveStdlib" },
  { id = "Prover", name = "Prover" },
  { id = "Sui", name = "Sui" },
  { id = "SuiProver", name = "SuiProver" },
  { id = "SuiSystem", name = "SuiSystem" },
  { id = "cdpm", name = "cdpm" },
]
dev-dependencies = [
  { id = "CetusDlmm", name = "CetusDlmm" },
]

[[move.package]]
id = "CetusDlmm"
source = { local = "/tmp/cetus-dlmm-patched/packages/dlmm" }

dependencies = [
  { id = "DeepBook", name = "DeepBook" },
  { id = "IntegerMate", name = "IntegerMate" },
  { id = "MoveSTL", name = "MoveSTL" },
  { id = "MoveStdlib", name = "MoveStdlib" },
  { id = "Sui", name = "Sui" },
  { id = "SuiProver", name = "SuiProver" },
  { id = "SuiSystem", name = "SuiSystem" },
]

[[move.package]]
id = "CoinDecimalsRegistry"
source = { local = "../../sui-lending-protocol/contracts/libs/coin_decimals_registry" }

dependencies = [
  { id = "Sui", name = "Sui" },
]

[[move.package]]
id = "Decimal"
source = { local = "../../sui-lending-protocol/contracts/libs/decimal" }

dependencies = [
  { id = "Sui", name = "Sui" },
]

[[move.package]]
id = "DeepBook"
source = { git = "https://github.com/asymptotic-code/sui.git", rev = "next", subdir = "crates/sui-framework/packages/deepbook" }

dependencies = [
  { id = "MoveStdlib", name = "MoveStdlib" },
  { id = "Sui", name = "Sui" },
]

[[move.package]]
id = "IntegerMate"
source = { git = "https://github.com/CetusProtocol/integer-mate.git", rev = "mainnet-v1.3.0", subdir = "" }

dependencies = [
  { id = "DeepBook", name = "DeepBook" },
  { id = "MoveStdlib", name = "MoveStdlib" },
  { id = "Sui", name = "Sui" },
  { id = "SuiProver", name = "SuiProver" },
  { id = "SuiSystem", name = "SuiSystem" },
]

[[move.package]]
id = "Math"
source = { local = "../../sui-lending-protocol/contracts/libs/math" }

dependencies = [
  { id = "Sui", name = "Sui" },
]

[[move.package]]
id = "MoveSTL"
source = { git = "https://github.com/CetusProtocol/move-stl.git", rev = "mainnet-v1.3.0", subdir = "" }

dependencies = [
  { id = "DeepBook", name = "DeepBook" },
  { id = "MoveStdlib", name = "MoveStdlib" },
  { id = "Sui", name = "Sui" },
  { id = "SuiProver", name = "SuiProver" },
  { id = "SuiSystem", name = "SuiSystem" },
]

[[move.package]]
id = "MoveStdlib"
source = { git = "https://github.com/asymptotic-code/sui.git", rev = "next", subdir = "crates/sui-framework/packages/move-stdlib" }

[[move.package]]
id = "Prover"
source = { local = "../../sui-prover/packages/prover" }

dependencies = [
  { id = "MoveStdlib", name = "MoveStdlib" },
  { id = "Sui", name = "Sui" },
]

[[move.package]]
id = "ScallopProtocol"
source = { local = "../../sui-lending-protocol/contracts/protocol" }

dependencies = [
  { id = "CoinDecimalsRegistry", name = "CoinDecimalsRegistry" },
  { id = "Decimal", name = "Decimal" },
  { id = "Math", name = "Math" },
  { id = "Sui", name = "Sui" },
  { id = "Whitelist", name = "Whitelist" },
  { id = "X", name = "X" },
  { id = "XOracle", name = "XOracle" },
]

dev-dependencies = [
  { id = "TestCoin", name = "TestCoin" },
]

[[move.package]]
id = "Sui"
source = { git = "https://github.com/asymptotic-code/sui.git", rev = "next", subdir = "crates/sui-framework/packages/sui-framework" }

dependencies = [
  { id = "MoveStdlib", name = "MoveStdlib" },
]

[[move.package]]
id = "SuiProver"
source = { git = "https://github.com/asymptotic-code/sui-prover.git", rev = "main", subdir = "packages/sui-prover" }

dependencies = [
  { id = "SuiSpecs", name = "SuiSpecs" },
]

[[move.package]]
id = "SuiSpecs"
source = { git = "https://github.com/asymptotic-code/sui-prover.git", rev = "main", subdir = "packages/sui-specs" }

dependencies = [
  { id = "Prover", name = "Prover" },
  { id = "Sui", name = "Sui" },
]

[[move.package]]
id = "SuiSystem"
source = { git = "https://github.com/asymptotic-code/sui.git", rev = "next", subdir = "crates/sui-framework/packages/sui-system" }

dependencies = [
  { id = "MoveStdlib", name = "MoveStdlib" },
  { id = "Sui", name = "Sui" },
]

[[move.package]]
id = "TestCoin"
source = { local = "../../sui-lending-protocol/contracts/test_coin" }

dependencies = [
  { id = "Sui", name = "Sui" },
]

[[move.package]]
id = "Whitelist"
source = { local = "../../sui-lending-protocol/contracts/libs/whitelist" }

dependencies = [
  { id = "Sui", name = "Sui" },
]

[[move.package]]
id = "X"
source = { local = "../../sui-lending-protocol/contracts/libs/x" }

dependencies = [
  { id = "Sui", name = "Sui" },
]

[[move.package]]
id = "XOracle"
source = { local = "../../sui-lending-protocol/contracts/sui_x_oracle/x_oracle" }

dependencies = [
  { id = "Sui", name = "Sui" },
]

[[move.package]]
id = "cdpm"
source = { local = ".." }

dependencies = [
  { id = "CetusDlmm", name = "cetusdlmm" },
  { id = "IntegerMate", name = "integer_mate" },
  { id = "MoveSTL", name = "move_stl" },
  { id = "MoveStdlib", name = "MoveStdlib" },
  { id = "ScallopProtocol", name = "ScallopProtocol" },
  { id = "Sui", name = "Sui" },
  { id = "X", name = "X" },
]
